
Microsoft Visual Studio Solution File, Format Version 12.00
Project("{FAE04EC0-301F-11D3-BF4B-00C04F79EFBC}") = "DiamondProblem", "DiamondProblem\DiamondProblem.csproj", "{C34C5610-981A-489D-904E-1384D531911D}"
EndProject
Project("{FAE04EC0-301F-11D3-BF4B-00C04F79EFBC}") = "DiamondProblemTests", "DiamondProblemTests\DiamondProblemTests.csproj", "{B00FE985-6646-4908-B0A8-AA6DD1F209F2}"
EndProject
Global
	GlobalSection(SolutionConfigurationPlatforms) = preSolution
		Debug|Any CPU = Debug|Any CPU
		Release|Any CPU = Release|Any CPU
	EndGlobalSection
	GlobalSection(ProjectConfigurationPlatforms) = postSolution
		{C34C5610-981A-489D-904E-1384D531911D}.Debug|Any CPU.ActiveCfg = Debug|Any CPU
		{C34C5610-981A-489D-904E-1384D531911D}.Debug|Any CPU.Build.0 = Debug|Any CPU
		{C34C5610-981A-489D-904E-1384D531911D}.Release|Any CPU.ActiveCfg = Release|Any CPU
		{C34C5610-981A-489D-904E-1384D531911D}.Release|Any CPU.Build.0 = Release|Any CPU
		{B00FE985-6646-4908-B0A8-AA6DD1F209F2}.Debug|Any CPU.ActiveCfg = Debug|Any CPU
		{B00FE985-6646-4908-B0A8-AA6DD1F209F2}.Debug|Any CPU.Build.0 = Debug|Any CPU
		{B00FE985-6646-4908-B0A8-AA6DD1F209F2}.Release|Any CPU.ActiveCfg = Release|Any CPU
		{B00FE985-6646-4908-B0A8-AA6DD1F209F2}.Release|Any CPU.Build.0 = Release|Any CPU
	EndGlobalSection
EndGlobal
